
Microsoft Visual Studio Solution File, Format Version 12.00
# Visual Studio Version 17
VisualStudioVersion = 17.10.35013.160
MinimumVisualStudioVersion = 10.0.40219.1
Project("{FAE04EC0-301F-11D3-BF4B-00C04F79EFBC}") = "PrograAvanzada", "PrograAvanzada\PrograAvanzada.csproj", "{0BCFDE8A-943E-46BA-B8D0-5E9ADAB7B8AD}"
EndProject
Global
	GlobalSection(SolutionConfigurationPlatforms) = preSolution
		Debug|Any CPU = Debug|Any CPU
		Release|Any CPU = Release|Any CPU
	EndGlobalSection
	GlobalSection(ProjectConfigurationPlatforms) = postSolution
		{0BCFDE8A-943E-46BA-B8D0-5E9ADAB7B8AD}.Debug|Any CPU.ActiveCfg = Debug|Any CPU
		{0BCFDE8A-943E-46BA-B8D0-5E9ADAB7B8AD}.Debug|Any CPU.Build.0 = Debug|Any CPU
		{0BCFDE8A-943E-46BA-B8D0-5E9ADAB7B8AD}.Release|Any CPU.ActiveCfg = Release|Any CPU
		{0BCFDE8A-943E-46BA-B8D0-5E9ADAB7B8AD}.Release|Any CPU.Build.0 = Release|Any CPU
	EndGlobalSection
	GlobalSection(SolutionProperties) = preSolution
		HideSolutionNode = FALSE
	EndGlobalSection
	GlobalSection(ExtensibilityGlobals) = postSolution
		SolutionGuid = {F07CB005-D6FA-4E34-B715-D732CA907C97}
	EndGlobalSection
EndGlobal
